// !$*UTF8*$!
{
	archiveVersion = 1;
	classes = {
	};
	objectVersion = 56;
	objects = {

/* Begin PBXBuildFile section */
		BD26CCF42C5A695E0057B7AE /* team.swift in Sources */ = {isa = PBXBuildFile; fileRef = BD26CCF32C5A695E0057B7AE /* team.swift */; };
		BD26CCF62C5A69C00057B7AE /* linkHub.swift in Sources */ = {isa = PBXBuildFile; fileRef = BD26CCF52C5A69C00057B7AE /* linkHub.swift */; };
		BD26CCF82C5A69FE0057B7AE /* littleWins.swift in Sources */ = {isa = PBXBuildFile; fileRef = BD26CCF72C5A69FE0057B7AE /* littleWins.swift */; };
		BD26CCFA2C5A6A210057B7AE /* profiles.swift in Sources */ = {isa = PBXBuildFile; fileRef = BD26CCF92C5A6A210057B7AE /* profiles.swift */; };
		BD26CCFC2C5A6A770057B7AE /* educators.swift in Sources */ = {isa = PBXBuildFile; fileRef = BD26CCFB2C5A6A770057B7AE /* educators.swift */; };
		BD26CCFE2C5A6AAE0057B7AE /* womenSTEM.swift in Sources */ = {isa = PBXBuildFile; fileRef = BD26CCFD2C5A6AAE0057B7AE /* womenSTEM.swift */; };
		BD26CD002C5A6AEC0057B7AE /* womenArts.swift in Sources */ = {isa = PBXBuildFile; fileRef = BD26CCFF2C5A6AEC0057B7AE /* womenArts.swift */; };
		BD26CD022C5A6B280057B7AE /* womenOC.swift in Sources */ = {isa = PBXBuildFile; fileRef = BD26CD012C5A6B280057B7AE /* womenOC.swift */; };
		BD26CD042C5A6B610057B7AE /* womenQueer.swift in Sources */ = {isa = PBXBuildFile; fileRef = BD26CD032C5A6B610057B7AE /* womenQueer.swift */; };
		BD26CD082C5A6B960057B7AE /* michelleInterview.swift in Sources */ = {isa = PBXBuildFile; fileRef = BD26CD072C5A6B960057B7AE /* michelleInterview.swift */; };
		BD26CD0A2C5A6BF40057B7AE /* ratiInterview.swift in Sources */ = {isa = PBXBuildFile; fileRef = BD26CD092C5A6BF40057B7AE /* ratiInterview.swift */; };
		BD26CD0C2C5A6C200057B7AE /* pearlInterview.swift in Sources */ = {isa = PBXBuildFile; fileRef = BD26CD0B2C5A6C200057B7AE /* pearlInterview.swift */; };
		BD26CD0E2C5A6C4B0057B7AE /* traceyInterview.swift in Sources */ = {isa = PBXBuildFile; fileRef = BD26CD0D2C5A6C4B0057B7AE /* traceyInterview.swift */; };
		BD26CD102C5A6C5A0057B7AE /* manyaInterview.swift in Sources */ = {isa = PBXBuildFile; fileRef = BD26CD0F2C5A6C5A0057B7AE /* manyaInterview.swift */; };
		BD26CD122C5A6C670057B7AE /* quiz.swift in Sources */ = {isa = PBXBuildFile; fileRef = BD26CD112C5A6C670057B7AE /* quiz.swift */; };
		BD9FAE3B2C53D38F0008878E /* finalProjectApp.swift in Sources */ = {isa = PBXBuildFile; fileRef = BD9FAE3A2C53D38F0008878E /* finalProjectApp.swift */; };
		BD9FAE3D2C53D38F0008878E /* ContentView.swift in Sources */ = {isa = PBXBuildFile; fileRef = BD9FAE3C2C53D38F0008878E /* ContentView.swift */; };
		BD9FAE3F2C53D3910008878E /* Assets.xcassets in Resources */ = {isa = PBXBuildFile; fileRef = BD9FAE3E2C53D3910008878E /* Assets.xcassets */; };
		BD9FAE422C53D3910008878E /* Preview Assets.xcassets in Resources */ = {isa = PBXBuildFile; fileRef = BD9FAE412C53D3910008878E /* Preview Assets.xcassets */; };
		BD9FAE4C2C53D3920008878E /* finalProjectTests.swift in Sources */ = {isa = PBXBuildFile; fileRef = BD9FAE4B2C53D3920008878E /* finalProjectTests.swift */; };
		BD9FAE562C53D3920008878E /* finalProjectUITests.swift in Sources */ = {isa = PBXBuildFile; fileRef = BD9FAE552C53D3920008878E /* finalProjectUITests.swift */; };
		BD9FAE582C53D3920008878E /* finalProjectUITestsLaunchTests.swift in Sources */ = {isa = PBXBuildFile; fileRef = BD9FAE572C53D3920008878E /* finalProjectUITestsLaunchTests.swift */; };
/* End PBXBuildFile section */

/* Begin PBXContainerItemProxy section */
		BD9FAE482C53D3920008878E /* PBXContainerItemProxy */ = {
			isa = PBXContainerItemProxy;
			containerPortal = BD9FAE2F2C53D38F0008878E /* Project object */;
			proxyType = 1;
			remoteGlobalIDString = BD9FAE362C53D38F0008878E;
			remoteInfo = finalProject;
		};
		BD9FAE522C53D3920008878E /* PBXContainerItemProxy */ = {
			isa = PBXContainerItemProxy;
			containerPortal = BD9FAE2F2C53D38F0008878E /* Project object */;
			proxyType = 1;
			remoteGlobalIDString = BD9FAE362C53D38F0008878E;
			remoteInfo = finalProject;
		};
/* End PBXContainerItemProxy section */

/* Begin PBXFileReference section */
		BD26CCF32C5A695E0057B7AE /* team.swift */ = {isa = PBXFileReference; lastKnownFileType = sourcecode.swift; path = team.swift; sourceTree = "<group>"; };
		BD26CCF52C5A69C00057B7AE /* linkHub.swift */ = {isa = PBXFileReference; lastKnownFileType = sourcecode.swift; path = linkHub.swift; sourceTree = "<group>"; };
		BD26CCF72C5A69FE0057B7AE /* littleWins.swift */ = {isa = PBXFileReference; lastKnownFileType = sourcecode.swift; path = littleWins.swift; sourceTree = "<group>"; };
		BD26CCF92C5A6A210057B7AE /* profiles.swift */ = {isa = PBXFileReference; lastKnownFileType = sourcecode.swift; path = profiles.swift; sourceTree = "<group>"; };
		BD26CCFB2C5A6A770057B7AE /* educators.swift */ = {isa = PBXFileReference; lastKnownFileType = sourcecode.swift; path = educators.swift; sourceTree = "<group>"; };
		BD26CCFD2C5A6AAE0057B7AE /* womenSTEM.swift */ = {isa = PBXFileReference; lastKnownFileType = sourcecode.swift; path = womenSTEM.swift; sourceTree = "<group>"; };
		BD26CCFF2C5A6AEC0057B7AE /* womenArts.swift */ = {isa = PBXFileReference; lastKnownFileType = sourcecode.swift; path = womenArts.swift; sourceTree = "<group>"; };
		BD26CD012C5A6B280057B7AE /* womenOC.swift */ = {isa = PBXFileReference; lastKnownFileType = sourcecode.swift; path = womenOC.swift; sourceTree = "<group>"; };
		BD26CD032C5A6B610057B7AE /* womenQueer.swift */ = {isa = PBXFileReference; lastKnownFileType = sourcecode.swift; path = womenQueer.swift; sourceTree = "<group>"; };
		BD26CD072C5A6B960057B7AE /* michelleInterview.swift */ = {isa = PBXFileReference; lastKnownFileType = sourcecode.swift; path = michelleInterview.swift; sourceTree = "<group>"; };
		BD26CD092C5A6BF40057B7AE /* ratiInterview.swift */ = {isa = PBXFileReference; lastKnownFileType = sourcecode.swift; path = ratiInterview.swift; sourceTree = "<group>"; };
		BD26CD0B2C5A6C200057B7AE /* pearlInterview.swift */ = {isa = PBXFileReference; lastKnownFileType = sourcecode.swift; path = pearlInterview.swift; sourceTree = "<group>"; };
		BD26CD0D2C5A6C4B0057B7AE /* traceyInterview.swift */ = {isa = PBXFileReference; lastKnownFileType = sourcecode.swift; path = traceyInterview.swift; sourceTree = "<group>"; };
		BD26CD0F2C5A6C5A0057B7AE /* manyaInterview.swift */ = {isa = PBXFileReference; lastKnownFileType = sourcecode.swift; path = manyaInterview.swift; sourceTree = "<group>"; };
		BD26CD112C5A6C670057B7AE /* quiz.swift */ = {isa = PBXFileReference; lastKnownFileType = sourcecode.swift; path = quiz.swift; sourceTree = "<group>"; };
		BD9FAE372C53D38F0008878E /* finalProject.app */ = {isa = PBXFileReference; explicitFileType = wrapper.application; includeInIndex = 0; path = finalProject.app; sourceTree = BUILT_PRODUCTS_DIR; };
		BD9FAE3A2C53D38F0008878E /* finalProjectApp.swift */ = {isa = PBXFileReference; lastKnownFileType = sourcecode.swift; path = finalProjectApp.swift; sourceTree = "<group>"; };
		BD9FAE3C2C53D38F0008878E /* ContentView.swift */ = {isa = PBXFileReference; lastKnownFileType = sourcecode.swift; path = ContentView.swift; sourceTree = "<group>"; };
		BD9FAE3E2C53D3910008878E /* Assets.xcassets */ = {isa = PBXFileReference; lastKnownFileType = folder.assetcatalog; path = Assets.xcassets; sourceTree = "<group>"; };
		BD9FAE412C53D3910008878E /* Preview Assets.xcassets */ = {isa = PBXFileReference; lastKnownFileType = folder.assetcatalog; path = "Preview Assets.xcassets"; sourceTree = "<group>"; };
		BD9FAE472C53D3920008878E /* finalProjectTests.xctest */ = {isa = PBXFileReference; explicitFileType = wrapper.cfbundle; includeInIndex = 0; path = finalProjectTests.xctest; sourceTree = BUILT_PRODUCTS_DIR; };
		BD9FAE4B2C53D3920008878E /* finalProjectTests.swift */ = {isa = PBXFileReference; lastKnownFileType = sourcecode.swift; path = finalProjectTests.swift; sourceTree = "<group>"; };
		BD9FAE512C53D3920008878E /* finalProjectUITests.xctest */ = {isa = PBXFileReference; explicitFileType = wrapper.cfbundle; includeInIndex = 0; path = finalProjectUITests.xctest; sourceTree = BUILT_PRODUCTS_DIR; };
		BD9FAE552C53D3920008878E /* finalProjectUITests.swift */ = {isa = PBXFileReference; lastKnownFileType = sourcecode.swift; path = finalProjectUITests.swift; sourceTree = "<group>"; };
		BD9FAE572C53D3920008878E /* finalProjectUITestsLaunchTests.swift */ = {isa = PBXFileReference; lastKnownFileType = sourcecode.swift; path = finalProjectUITestsLaunchTests.swift; sourceTree = "<group>"; };
/* End PBXFileReference section */

/* Begin PBXFrameworksBuildPhase section */
		BD9FAE342C53D38F0008878E /* Frameworks */ = {
			isa = PBXFrameworksBuildPhase;
			buildActionMask = 2147483647;
			files = (
			);
			runOnlyForDeploymentPostprocessing = 0;
		};
		BD9FAE442C53D3920008878E /* Frameworks */ = {
			isa = PBXFrameworksBuildPhase;
			buildActionMask = 2147483647;
			files = (
			);
			runOnlyForDeploymentPostprocessing = 0;
		};
		BD9FAE4E2C53D3920008878E /* Frameworks */ = {
			isa = PBXFrameworksBuildPhase;
			buildActionMask = 2147483647;
			files = (
			);
			runOnlyForDeploymentPostprocessing = 0;
		};
/* End PBXFrameworksBuildPhase section */

/* Begin PBXGroup section */
		BD9FAE2E2C53D38F0008878E = {
			isa = PBXGroup;
			children = (
				BD9FAE392C53D38F0008878E /* finalProject */,
				BD9FAE4A2C53D3920008878E /* finalProjectTests */,
				BD9FAE542C53D3920008878E /* finalProjectUITests */,
				BD9FAE382C53D38F0008878E /* Products */,
			);
			sourceTree = "<group>";
		};
		BD9FAE382C53D38F0008878E /* Products */ = {
			isa = PBXGroup;
			children = (
				BD9FAE372C53D38F0008878E /* finalProject.app */,
				BD9FAE472C53D3920008878E /* finalProjectTests.xctest */,
				BD9FAE512C53D3920008878E /* finalProjectUITests.xctest */,
			);
			name = Products;
			sourceTree = "<group>";
		};
		BD9FAE392C53D38F0008878E /* finalProject */ = {
			isa = PBXGroup;
			children = (
				BD9FAE3A2C53D38F0008878E /* finalProjectApp.swift */,
				BD9FAE3C2C53D38F0008878E /* ContentView.swift */,
				BD26CCF32C5A695E0057B7AE /* team.swift */,
				BD26CCF52C5A69C00057B7AE /* linkHub.swift */,
				BD26CCF72C5A69FE0057B7AE /* littleWins.swift */,
				BD26CCF92C5A6A210057B7AE /* profiles.swift */,
				BD26CCFB2C5A6A770057B7AE /* educators.swift */,
				BD26CCFD2C5A6AAE0057B7AE /* womenSTEM.swift */,
				BD26CCFF2C5A6AEC0057B7AE /* womenArts.swift */,
				BD26CD012C5A6B280057B7AE /* womenOC.swift */,
				BD26CD032C5A6B610057B7AE /* womenQueer.swift */,
				BD26CD072C5A6B960057B7AE /* michelleInterview.swift */,
				BD26CD092C5A6BF40057B7AE /* ratiInterview.swift */,
				BD26CD0B2C5A6C200057B7AE /* pearlInterview.swift */,
				BD26CD0D2C5A6C4B0057B7AE /* traceyInterview.swift */,
				BD26CD0F2C5A6C5A0057B7AE /* manyaInterview.swift */,
				BD26CD112C5A6C670057B7AE /* quiz.swift */,
				BD9FAE3E2C53D3910008878E /* Assets.xcassets */,
				BD9FAE402C53D3910008878E /* Preview Content */,
			);
			path = finalProject;
			sourceTree = "<group>";
		};
		BD9FAE402C53D3910008878E /* Preview Content */ = {
			isa = PBXGroup;
			children = (
				BD9FAE412C53D3910008878E /* Preview Assets.xcassets */,
			);
			path = "Preview Content";
			sourceTree = "<group>";
		};
		BD9FAE4A2C53D3920008878E /* finalProjectTests */ = {
			isa = PBXGroup;
			children = (
				BD9FAE4B2C53D3920008878E /* finalProjectTests.swift */,
			);
			path = finalProjectTests;
			sourceTree = "<group>";
		};
		BD9FAE542C53D3920008878E /* finalProjectUITests */ = {
			isa = PBXGroup;
			children = (
				BD9FAE552C53D3920008878E /* finalProjectUITests.swift */,
				BD9FAE572C53D3920008878E /* finalProjectUITestsLaunchTests.swift */,
			);
			path = finalProjectUITests;
			sourceTree = "<group>";
		};
/* End PBXGroup section */

/* Begin PBXNativeTarget section */
		BD9FAE362C53D38F0008878E /* finalProject */ = {
			isa = PBXNativeTarget;
			buildConfigurationList = BD9FAE5B2C53D3920008878E /* Build configuration list for PBXNativeTarget "finalProject" */;
			buildPhases = (
				BD9FAE332C53D38F0008878E /* Sources */,
				BD9FAE342C53D38F0008878E /* Frameworks */,
				BD9FAE352C53D38F0008878E /* Resources */,
			);
			buildRules = (
			);
			dependencies = (
			);
			name = finalProject;
			productName = finalProject;
			productReference = BD9FAE372C53D38F0008878E /* finalProject.app */;
			productType = "com.apple.product-type.application";
		};
		BD9FAE462C53D3920008878E /* finalProjectTests */ = {
			isa = PBXNativeTarget;
			buildConfigurationList = BD9FAE5E2C53D3920008878E /* Build configuration list for PBXNativeTarget "finalProjectTests" */;
			buildPhases = (
				BD9FAE432C53D3920008878E /* Sources */,
				BD9FAE442C53D3920008878E /* Frameworks */,
				BD9FAE452C53D3920008878E /* Resources */,
			);
			buildRules = (
			);
			dependencies = (
				BD9FAE492C53D3920008878E /* PBXTargetDependency */,
			);
			name = finalProjectTests;
			productName = finalProjectTests;
			productReference = BD9FAE472C53D3920008878E /* finalProjectTests.xctest */;
			productType = "com.apple.product-type.bundle.unit-test";
		};
		BD9FAE502C53D3920008878E /* finalProjectUITests */ = {
			isa = PBXNativeTarget;
			buildConfigurationList = BD9FAE612C53D3920008878E /* Build configuration list for PBXNativeTarget "finalProjectUITests" */;
			buildPhases = (
				BD9FAE4D2C53D3920008878E /* Sources */,
				BD9FAE4E2C53D3920008878E /* Frameworks */,
				BD9FAE4F2C53D3920008878E /* Resources */,
			);
			buildRules = (
			);
			dependencies = (
				BD9FAE532C53D3920008878E /* PBXTargetDependency */,
			);
			name = finalProjectUITests;
			productName = finalProjectUITests;
			productReference = BD9FAE512C53D3920008878E /* finalProjectUITests.xctest */;
			productType = "com.apple.product-type.bundle.ui-testing";
		};
/* End PBXNativeTarget section */

/* Begin PBXProject section */
		BD9FAE2F2C53D38F0008878E /* Project object */ = {
			isa = PBXProject;
			attributes = {
				BuildIndependentTargetsInParallel = 1;
				LastSwiftUpdateCheck = 1540;
				LastUpgradeCheck = 1540;
				TargetAttributes = {
					BD9FAE362C53D38F0008878E = {
						CreatedOnToolsVersion = 15.4;
					};
					BD9FAE462C53D3920008878E = {
						CreatedOnToolsVersion = 15.4;
						TestTargetID = BD9FAE362C53D38F0008878E;
					};
					BD9FAE502C53D3920008878E = {
						CreatedOnToolsVersion = 15.4;
						TestTargetID = BD9FAE362C53D38F0008878E;
					};
				};
			};
			buildConfigurationList = BD9FAE322C53D38F0008878E /* Build configuration list for PBXProject "finalProject" */;
			compatibilityVersion = "Xcode 14.0";
			developmentRegion = en;
			hasScannedForEncodings = 0;
			knownRegions = (
				en,
				Base,
			);
			mainGroup = BD9FAE2E2C53D38F0008878E;
			productRefGroup = BD9FAE382C53D38F0008878E /* Products */;
			projectDirPath = "";
			projectRoot = "";
			targets = (
				BD9FAE362C53D38F0008878E /* finalProject */,
				BD9FAE462C53D3920008878E /* finalProjectTests */,
				BD9FAE502C53D3920008878E /* finalProjectUITests */,
			);
		};
/* End PBXProject section */

/* Begin PBXResourcesBuildPhase section */
		BD9FAE352C53D38F0008878E /* Resources */ = {
			isa = PBXResourcesBuildPhase;
			buildActionMask = 2147483647;
			files = (
				BD9FAE422C53D3910008878E /* Preview Assets.xcassets in Resources */,
				BD9FAE3F2C53D3910008878E /* Assets.xcassets in Resources */,
			);
			runOnlyForDeploymentPostprocessing = 0;
		};
		BD9FAE452C53D3920008878E /* Resources */ = {
			isa = PBXResourcesBuildPhase;
			buildActionMask = 2147483647;
			files = (
			);
			runOnlyForDeploymentPostprocessing = 0;
		};
		BD9FAE4F2C53D3920008878E /* Resources */ = {
			isa = PBXResourcesBuildPhase;
			buildActionMask = 2147483647;
			files = (
			);
			runOnlyForDeploymentPostprocessing = 0;
		};
/* End PBXResourcesBuildPhase section */

/* Begin PBXSourcesBuildPhase section */
		BD9FAE332C53D38F0008878E /* Sources */ = {
			isa = PBXSourcesBuildPhase;
			buildActionMask = 2147483647;
			files = (
				BD26CD022C5A6B280057B7AE /* womenOC.swift in Sources */,
				BD26CD0C2C5A6C200057B7AE /* pearlInterview.swift in Sources */,
				BD26CCFC2C5A6A770057B7AE /* educators.swift in Sources */,
				BD26CD0A2C5A6BF40057B7AE /* ratiInterview.swift in Sources */,
				BD26CD0E2C5A6C4B0057B7AE /* traceyInterview.swift in Sources */,
				BD26CCFE2C5A6AAE0057B7AE /* womenSTEM.swift in Sources */,
				BD26CD102C5A6C5A0057B7AE /* manyaInterview.swift in Sources */,
				BD26CD122C5A6C670057B7AE /* quiz.swift in Sources */,
				BD9FAE3D2C53D38F0008878E /* ContentView.swift in Sources */,
				BD26CD042C5A6B610057B7AE /* womenQueer.swift in Sources */,
				BD26CCF62C5A69C00057B7AE /* linkHub.swift in Sources */,
				BD9FAE3B2C53D38F0008878E /* finalProjectApp.swift in Sources */,
				BD26CCF82C5A69FE0057B7AE /* littleWins.swift in Sources */,
				BD26CD082C5A6B960057B7AE /* michelleInterview.swift in Sources */,
				BD26CCF42C5A695E0057B7AE /* team.swift in Sources */,
				BD26CCFA2C5A6A210057B7AE /* profiles.swift in Sources */,
				BD26CD002C5A6AEC0057B7AE /* womenArts.swift in Sources */,
			);
			runOnlyForDeploymentPostprocessing = 0;
		};
		BD9FAE432C53D3920008878E /* Sources */ = {
			isa = PBXSourcesBuildPhase;
			buildActionMask = 2147483647;
			files = (
				BD9FAE4C2C53D3920008878E /* finalProjectTests.swift in Sources */,
			);
			runOnlyForDeploymentPostprocessing = 0;
		};
		BD9FAE4D2C53D3920008878E /* Sources */ = {
			isa = PBXSourcesBuildPhase;
			buildActionMask = 2147483647;
			files = (
				BD9FAE562C53D3920008878E /* finalProjectUITests.swift in Sources */,
				BD9FAE582C53D3920008878E /* finalProjectUITestsLaunchTests.swift in Sources */,
			);
			runOnlyForDeploymentPostprocessing = 0;
		};
/* End PBXSourcesBuildPhase section */

/* Begin PBXTargetDependency section */
		BD9FAE492C53D3920008878E /* PBXTargetDependency */ = {
			isa = PBXTargetDependency;
			target = BD9FAE362C53D38F0008878E /* finalProject */;
			targetProxy = BD9FAE482C53D3920008878E /* PBXContainerItemProxy */;
		};
		BD9FAE532C53D3920008878E /* PBXTargetDependency */ = {
			isa = PBXTargetDependency;
			target = BD9FAE362C53D38F0008878E /* finalProject */;
			targetProxy = BD9FAE522C53D3920008878E /* PBXContainerItemProxy */;
		};
/* End PBXTargetDependency section */

/* Begin XCBuildConfiguration section */
		BD9FAE592C53D3920008878E /* Debug */ = {
			isa = XCBuildConfiguration;
			buildSettings = {
				ALWAYS_SEARCH_USER_PATHS = NO;
				ASSETCATALOG_COMPILER_GENERATE_SWIFT_ASSET_SYMBOL_EXTENSIONS = YES;
				CLANG_ANALYZER_NONNULL = YES;
				CLANG_ANALYZER_NUMBER_OBJECT_CONVERSION = YES_AGGRESSIVE;
				CLANG_CXX_LANGUAGE_STANDARD = "gnu++20";
				CLANG_ENABLE_MODULES = YES;
				CLANG_ENABLE_OBJC_ARC = YES;
				CLANG_ENABLE_OBJC_WEAK = YES;
				CLANG_WARN_BLOCK_CAPTURE_AUTORELEASING = YES;
				CLANG_WARN_BOOL_CONVERSION = YES;
				CLANG_WARN_COMMA = YES;
				CLANG_WARN_CONSTANT_CONVERSION = YES;
				CLANG_WARN_DEPRECATED_OBJC_IMPLEMENTATIONS = YES;
				CLANG_WARN_DIRECT_OBJC_ISA_USAGE = YES_ERROR;
				CLANG_WARN_DOCUMENTATION_COMMENTS = YES;
				CLANG_WARN_EMPTY_BODY = YES;
				CLANG_WARN_ENUM_CONVERSION = YES;
				CLANG_WARN_INFINITE_RECURSION = YES;
				CLANG_WARN_INT_CONVERSION = YES;
				CLANG_WARN_NON_LITERAL_NULL_CONVERSION = YES;
				CLANG_WARN_OBJC_IMPLICIT_RETAIN_SELF = YES;
				CLANG_WARN_OBJC_LITERAL_CONVERSION = YES;
				CLANG_WARN_OBJC_ROOT_CLASS = YES_ERROR;
				CLANG_WARN_QUOTED_INCLUDE_IN_FRAMEWORK_HEADER = YES;
				CLANG_WARN_RANGE_LOOP_ANALYSIS = YES;
				CLANG_WARN_STRICT_PROTOTYPES = YES;
				CLANG_WARN_SUSPICIOUS_MOVE = YES;
				CLANG_WARN_UNGUARDED_AVAILABILITY = YES_AGGRESSIVE;
				CLANG_WARN_UNREACHABLE_CODE = YES;
				CLANG_WARN__DUPLICATE_METHOD_MATCH = YES;
				COPY_PHASE_STRIP = NO;
				DEBUG_INFORMATION_FORMAT = dwarf;
				ENABLE_STRICT_OBJC_MSGSEND = YES;
				ENABLE_TESTABILITY = YES;
				ENABLE_USER_SCRIPT_SANDBOXING = YES;
				GCC_C_LANGUAGE_STANDARD = gnu17;
				GCC_DYNAMIC_NO_PIC = NO;
				GCC_NO_COMMON_BLOCKS = YES;
				GCC_OPTIMIZATION_LEVEL = 0;
				GCC_PREPROCESSOR_DEFINITIONS = (
					"DEBUG=1",
					"$(inherited)",
				);
				GCC_WARN_64_TO_32_BIT_CONVERSION = YES;
				GCC_WARN_ABOUT_RETURN_TYPE = YES_ERROR;
				GCC_WARN_UNDECLARED_SELECTOR = YES;
				GCC_WARN_UNINITIALIZED_AUTOS = YES_AGGRESSIVE;
				GCC_WARN_UNUSED_FUNCTION = YES;
				GCC_WARN_UNUSED_VARIABLE = YES;
				IPHONEOS_DEPLOYMENT_TARGET = 17.5;
				LOCALIZATION_PREFERS_STRING_CATALOGS = YES;
				MTL_ENABLE_DEBUG_INFO = INCLUDE_SOURCE;
				MTL_FAST_MATH = YES;
				ONLY_ACTIVE_ARCH = YES;
				SDKROOT = iphoneos;
				SWIFT_ACTIVE_COMPILATION_CONDITIONS = "DEBUG $(inherited)";
				SWIFT_OPTIMIZATION_LEVEL = "-Onone";
			};
			name = Debug;
		};
		BD9FAE5A2C53D3920008878E /* Release */ = {
			isa = XCBuildConfiguration;
			buildSettings = {
				ALWAYS_SEARCH_USER_PATHS = NO;
				ASSETCATALOG_COMPILER_GENERATE_SWIFT_ASSET_SYMBOL_EXTENSIONS = YES;
				CLANG_ANALYZER_NONNULL = YES;
				CLANG_ANALYZER_NUMBER_OBJECT_CONVERSION = YES_AGGRESSIVE;
				CLANG_CXX_LANGUAGE_STANDARD = "gnu++20";
				CLANG_ENABLE_MODULES = YES;
				CLANG_ENABLE_OBJC_ARC = YES;
				CLANG_ENABLE_OBJC_WEAK = YES;
				CLANG_WARN_BLOCK_CAPTURE_AUTORELEASING = YES;
				CLANG_WARN_BOOL_CONVERSION = YES;
				CLANG_WARN_COMMA = YES;
				CLANG_WARN_CONSTANT_CONVERSION = YES;
				CLANG_WARN_DEPRECATED_OBJC_IMPLEMENTATIONS = YES;
				CLANG_WARN_DIRECT_OBJC_ISA_USAGE = YES_ERROR;
				CLANG_WARN_DOCUMENTATION_COMMENTS = YES;
				CLANG_WARN_EMPTY_BODY = YES;
				CLANG_WARN_ENUM_CONVERSION = YES;
				CLANG_WARN_INFINITE_RECURSION = YES;
				CLANG_WARN_INT_CONVERSION = YES;
				CLANG_WARN_NON_LITERAL_NULL_CONVERSION = YES;
				CLANG_WARN_OBJC_IMPLICIT_RETAIN_SELF = YES;
				CLANG_WARN_OBJC_LITERAL_CONVERSION = YES;
				CLANG_WARN_OBJC_ROOT_CLASS = YES_ERROR;
				CLANG_WARN_QUOTED_INCLUDE_IN_FRAMEWORK_HEADER = YES;
				CLANG_WARN_RANGE_LOOP_ANALYSIS = YES;
				CLANG_WARN_STRICT_PROTOTYPES = YES;
				CLANG_WARN_SUSPICIOUS_MOVE = YES;
				CLANG_WARN_UNGUARDED_AVAILABILITY = YES_AGGRESSIVE;
				CLANG_WARN_UNREACHABLE_CODE = YES;
				CLANG_WARN__DUPLICATE_METHOD_MATCH = YES;
				COPY_PHASE_STRIP = NO;
				DEBUG_INFORMATION_FORMAT = "dwarf-with-dsym";
				ENABLE_NS_ASSERTIONS = NO;
				ENABLE_STRICT_OBJC_MSGSEND = YES;
				ENABLE_USER_SCRIPT_SANDBOXING = YES;
				GCC_C_LANGUAGE_STANDARD = gnu17;
				GCC_NO_COMMON_BLOCKS = YES;
				GCC_WARN_64_TO_32_BIT_CONVERSION = YES;
				GCC_WARN_ABOUT_RETURN_TYPE = YES_ERROR;
				GCC_WARN_UNDECLARED_SELECTOR = YES;
				GCC_WARN_UNINITIALIZED_AUTOS = YES_AGGRESSIVE;
				GCC_WARN_UNUSED_FUNCTION = YES;
				GCC_WARN_UNUSED_VARIABLE = YES;
				IPHONEOS_DEPLOYMENT_TARGET = 17.5;
				LOCALIZATION_PREFERS_STRING_CATALOGS = YES;
				MTL_ENABLE_DEBUG_INFO = NO;
				MTL_FAST_MATH = YES;
				SDKROOT = iphoneos;
				SWIFT_COMPILATION_MODE = wholemodule;
				VALIDATE_PRODUCT = YES;
			};
			name = Release;
		};
		BD9FAE5C2C53D3920008878E /* Debug */ = {
			isa = XCBuildConfiguration;
			buildSettings = {
				ASSETCATALOG_COMPILER_APPICON_NAME = AppIcon;
				ASSETCATALOG_COMPILER_GLOBAL_ACCENT_COLOR_NAME = AccentColor;
				CODE_SIGN_STYLE = Automatic;
				CURRENT_PROJECT_VERSION = 1;
				DEVELOPMENT_ASSET_PATHS = "\"finalProject/Preview Content\"";
				DEVELOPMENT_TEAM = 5375PBDFZQ;
				ENABLE_PREVIEWS = YES;
				GENERATE_INFOPLIST_FILE = YES;
				INFOPLIST_KEY_UIApplicationSceneManifest_Generation = YES;
				INFOPLIST_KEY_UIApplicationSupportsIndirectInputEvents = YES;
				INFOPLIST_KEY_UILaunchScreen_Generation = YES;
				INFOPLIST_KEY_UISupportedInterfaceOrientations_iPad = "UIInterfaceOrientationPortrait UIInterfaceOrientationPortraitUpsideDown UIInterfaceOrientationLandscapeLeft UIInterfaceOrientationLandscapeRight";
				INFOPLIST_KEY_UISupportedInterfaceOrientations_iPhone = "UIInterfaceOrientationPortrait UIInterfaceOrientationLandscapeLeft UIInterfaceOrientationLandscapeRight";
				LD_RUNPATH_SEARCH_PATHS = (
					"$(inherited)",
					"@executable_path/Frameworks",
				);
				MARKETING_VERSION = 1.0;
				PRODUCT_BUNDLE_IDENTIFIER = kwk.finalProject;
				PRODUCT_NAME = "$(TARGET_NAME)";
				SWIFT_EMIT_LOC_STRINGS = YES;
				SWIFT_VERSION = 5.0;
				TARGETED_DEVICE_FAMILY = "1,2";
			};
			name = Debug;
		};
		BD9FAE5D2C53D3920008878E /* Release */ = {
			isa = XCBuildConfiguration;
			buildSettings = {
				ASSETCATALOG_COMPILER_APPICON_NAME = AppIcon;
				ASSETCATALOG_COMPILER_GLOBAL_ACCENT_COLOR_NAME = AccentColor;
				CODE_SIGN_STYLE = Automatic;
				CURRENT_PROJECT_VERSION = 1;
				DEVELOPMENT_ASSET_PATHS = "\"finalProject/Preview Content\"";
				DEVELOPMENT_TEAM = 5375PBDFZQ;
				ENABLE_PREVIEWS = YES;
				GENERATE_INFOPLIST_FILE = YES;
				INFOPLIST_KEY_UIApplicationSceneManifest_Generation = YES;
				INFOPLIST_KEY_UIApplicationSupportsIndirectInputEvents = YES;
				INFOPLIST_KEY_UILaunchScreen_Generation = YES;
				INFOPLIST_KEY_UISupportedInterfaceOrientations_iPad = "UIInterfaceOrientationPortrait UIInterfaceOrientationPortraitUpsideDown UIInterfaceOrientationLandscapeLeft UIInterfaceOrientationLandscapeRight";
				INFOPLIST_KEY_UISupportedInterfaceOrientations_iPhone = "UIInterfaceOrientationPortrait UIInterfaceOrientationLandscapeLeft UIInterfaceOrientationLandscapeRight";
				LD_RUNPATH_SEARCH_PATHS = (
					"$(inherited)",
					"@executable_path/Frameworks",
				);
				MARKETING_VERSION = 1.0;
				PRODUCT_BUNDLE_IDENTIFIER = kwk.finalProject;
				PRODUCT_NAME = "$(TARGET_NAME)";
				SWIFT_EMIT_LOC_STRINGS = YES;
				SWIFT_VERSION = 5.0;
				TARGETED_DEVICE_FAMILY = "1,2";
			};
			name = Release;
		};
		BD9FAE5F2C53D3920008878E /* Debug */ = {
			isa = XCBuildConfiguration;
			buildSettings = {
				ALWAYS_EMBED_SWIFT_STANDARD_LIBRARIES = YES;
				BUNDLE_LOADER = "$(TEST_HOST)";
				CODE_SIGN_STYLE = Automatic;
				CURRENT_PROJECT_VERSION = 1;
				DEVELOPMENT_TEAM = 5375PBDFZQ;
				GENERATE_INFOPLIST_FILE = YES;
				IPHONEOS_DEPLOYMENT_TARGET = 17.5;
				MARKETING_VERSION = 1.0;
				PRODUCT_BUNDLE_IDENTIFIER = kwk.finalProjectTests;
				PRODUCT_NAME = "$(TARGET_NAME)";
				SWIFT_EMIT_LOC_STRINGS = NO;
				SWIFT_VERSION = 5.0;
				TARGETED_DEVICE_FAMILY = "1,2";
				TEST_HOST = "$(BUILT_PRODUCTS_DIR)/finalProject.app/$(BUNDLE_EXECUTABLE_FOLDER_PATH)/finalProject";
			};
			name = Debug;
		};
		BD9FAE602C53D3920008878E /* Release */ = {
			isa = XCBuildConfiguration;
			buildSettings = {
				ALWAYS_EMBED_SWIFT_STANDARD_LIBRARIES = YES;
				BUNDLE_LOADER = "$(TEST_HOST)";
				CODE_SIGN_STYLE = Automatic;
				CURRENT_PROJECT_VERSION = 1;
				DEVELOPMENT_TEAM = 5375PBDFZQ;
				GENERATE_INFOPLIST_FILE = YES;
				IPHONEOS_DEPLOYMENT_TARGET = 17.5;
				MARKETING_VERSION = 1.0;
				PRODUCT_BUNDLE_IDENTIFIER = kwk.finalProjectTests;
				PRODUCT_NAME = "$(TARGET_NAME)";
				SWIFT_EMIT_LOC_STRINGS = NO;
				SWIFT_VERSION = 5.0;
				TARGETED_DEVICE_FAMILY = "1,2";
				TEST_HOST = "$(BUILT_PRODUCTS_DIR)/finalProject.app/$(BUNDLE_EXECUTABLE_FOLDER_PATH)/finalProject";
			};
			name = Release;
		};
		BD9FAE622C53D3920008878E /* Debug */ = {
			isa = XCBuildConfiguration;
			buildSettings = {
				ALWAYS_EMBED_SWIFT_STANDARD_LIBRARIES = YES;
				CODE_SIGN_STYLE = Automatic;
				CURRENT_PROJECT_VERSION = 1;
				DEVELOPMENT_TEAM = 5375PBDFZQ;
				GENERATE_INFOPLIST_FILE = YES;
				MARKETING_VERSION = 1.0;
				PRODUCT_BUNDLE_IDENTIFIER = kwk.finalProjectUITests;
				PRODUCT_NAME = "$(TARGET_NAME)";
				SWIFT_EMIT_LOC_STRINGS = NO;
				SWIFT_VERSION = 5.0;
				TARGETED_DEVICE_FAMILY = "1,2";
				TEST_TARGET_NAME = finalProject;
			};
			name = Debug;
		};
		BD9FAE632C53D3920008878E /* Release */ = {
			isa = XCBuildConfiguration;
			buildSettings = {
				ALWAYS_EMBED_SWIFT_STANDARD_LIBRARIES = YES;
				CODE_SIGN_STYLE = Automatic;
				CURRENT_PROJECT_VERSION = 1;
				DEVELOPMENT_TEAM = 5375PBDFZQ;
				GENERATE_INFOPLIST_FILE = YES;
				MARKETING_VERSION = 1.0;
				PRODUCT_BUNDLE_IDENTIFIER = kwk.finalProjectUITests;
				PRODUCT_NAME = "$(TARGET_NAME)";
				SWIFT_EMIT_LOC_STRINGS = NO;
				SWIFT_VERSION = 5.0;
				TARGETED_DEVICE_FAMILY = "1,2";
				TEST_TARGET_NAME = finalProject;
			};
			name = Release;
		};
/* End XCBuildConfiguration section */

/* Begin XCConfigurationList section */
		BD9FAE322C53D38F0008878E /* Build configuration list for PBXProject "finalProject" */ = {
			isa = XCConfigurationList;
			buildConfigurations = (
				BD9FAE592C53D3920008878E /* Debug */,
				BD9FAE5A2C53D3920008878E /* Release */,
			);
			defaultConfigurationIsVisible = 0;
			defaultConfigurationName = Release;
		};
		BD9FAE5B2C53D3920008878E /* Build configuration list for PBXNativeTarget "finalProject" */ = {
			isa = XCConfigurationList;
			buildConfigurations = (
				BD9FAE5C2C53D3920008878E /* Debug */,
				BD9FAE5D2C53D3920008878E /* Release */,
			);
			defaultConfigurationIsVisible = 0;
			defaultConfigurationName = Release;
		};
		BD9FAE5E2C53D3920008878E /* Build configuration list for PBXNativeTarget "finalProjectTests" */ = {
			isa = XCConfigurationList;
			buildConfigurations = (
				BD9FAE5F2C53D3920008878E /* Debug */,
				BD9FAE602C53D3920008878E /* Release */,
			);
			defaultConfigurationIsVisible = 0;
			defaultConfigurationName = Release;
		};
		BD9FAE612C53D3920008878E /* Build configuration list for PBXNativeTarget "finalProjectUITests" */ = {
			isa = XCConfigurationList;
			buildConfigurations = (
				BD9FAE622C53D3920008878E /* Debug */,
				BD9FAE632C53D3920008878E /* Release */,
			);
			defaultConfigurationIsVisible = 0;
			defaultConfigurationName = Release;
		};
/* End XCConfigurationList section */
	};
	rootObject = BD9FAE2F2C53D38F0008878E /* Project object */;
}
